
Microsoft Visual Studio Solution File, Format Version 12.00
# Visual Studio Version 16
VisualStudioVersion = 16.0.31402.337
MinimumVisualStudioVersion = 10.0.40219.1
Project("{8BC9CEB8-8B4A-11D0-8D11-00A0C91BC942}") = "1342. Number of Steps to Reduce a Number to Zero", "1342. Number of Steps to Reduce a Number to Zero.vcxproj", "{9EBFCF6D-F16B-49BE-919A-27D12A63F05B}"
EndProject
Global
	GlobalSection(SolutionConfigurationPlatforms) = preSolution
		Debug|x64 = Debug|x64
		Debug|x86 = Debug|x86
		Release|x64 = Release|x64
		Release|x86 = Release|x86
	EndGlobalSection
	GlobalSection(ProjectConfigurationPlatforms) = postSolution
		{9EBFCF6D-F16B-49BE-919A-27D12A63F05B}.Debug|x64.ActiveCfg = Debug|x64
		{9EBFCF6D-F16B-49BE-919A-27D12A63F05B}.Debug|x64.Build.0 = Debug|x64
		{9EBFCF6D-F16B-49BE-919A-27D12A63F05B}.Debug|x86.ActiveCfg = Debug|Win32
		{9EBFCF6D-F16B-49BE-919A-27D12A63F05B}.Debug|x86.Build.0 = Debug|Win32
		{9EBFCF6D-F16B-49BE-919A-27D12A63F05B}.Release|x64.ActiveCfg = Release|x64
		{9EBFCF6D-F16B-49BE-919A-27D12A63F05B}.Release|x64.Build.0 = Release|x64
		{9EBFCF6D-F16B-49BE-919A-27D12A63F05B}.Release|x86.ActiveCfg = Release|Win32
		{9EBFCF6D-F16B-49BE-919A-27D12A63F05B}.Release|x86.Build.0 = Release|Win32
	EndGlobalSection
	GlobalSection(SolutionProperties) = preSolution
		HideSolutionNode = FALSE
	EndGlobalSection
	GlobalSection(ExtensibilityGlobals) = postSolution
		SolutionGuid = {E6DC3D5A-E803-4615-9D97-CE885A8EE2B1}
	EndGlobalSection
EndGlobal
