
Microsoft Visual Studio Solution File, Format Version 12.00
# Visual Studio Version 16
VisualStudioVersion = 16.0.31402.337
MinimumVisualStudioVersion = 10.0.40219.1
Project("{8BC9CEB8-8B4A-11D0-8D11-00A0C91BC942}") = "1512. Number of Good Pairs", "1512. Number of Good Pairs.vcxproj", "{41C62B7C-4BC9-4B8D-AC46-A786C4AA475B}"
EndProject
Global
	GlobalSection(SolutionConfigurationPlatforms) = preSolution
		Debug|x64 = Debug|x64
		Debug|x86 = Debug|x86
		Release|x64 = Release|x64
		Release|x86 = Release|x86
	EndGlobalSection
	GlobalSection(ProjectConfigurationPlatforms) = postSolution
		{41C62B7C-4BC9-4B8D-AC46-A786C4AA475B}.Debug|x64.ActiveCfg = Debug|x64
		{41C62B7C-4BC9-4B8D-AC46-A786C4AA475B}.Debug|x64.Build.0 = Debug|x64
		{41C62B7C-4BC9-4B8D-AC46-A786C4AA475B}.Debug|x86.ActiveCfg = Debug|Win32
		{41C62B7C-4BC9-4B8D-AC46-A786C4AA475B}.Debug|x86.Build.0 = Debug|Win32
		{41C62B7C-4BC9-4B8D-AC46-A786C4AA475B}.Release|x64.ActiveCfg = Release|x64
		{41C62B7C-4BC9-4B8D-AC46-A786C4AA475B}.Release|x64.Build.0 = Release|x64
		{41C62B7C-4BC9-4B8D-AC46-A786C4AA475B}.Release|x86.ActiveCfg = Release|Win32
		{41C62B7C-4BC9-4B8D-AC46-A786C4AA475B}.Release|x86.Build.0 = Release|Win32
	EndGlobalSection
	GlobalSection(SolutionProperties) = preSolution
		HideSolutionNode = FALSE
	EndGlobalSection
	GlobalSection(ExtensibilityGlobals) = postSolution
		SolutionGuid = {7B74E751-6664-49C1-9185-B7E4F1AB2723}
	EndGlobalSection
EndGlobal
