
Microsoft Visual Studio Solution File, Format Version 12.00
# Visual Studio Version 16
VisualStudioVersion = 16.0.31402.337
MinimumVisualStudioVersion = 10.0.40219.1
Project("{8BC9CEB8-8B4A-11D0-8D11-00A0C91BC942}") = "1431. Kids With the Greatest Number of Candies", "1431. Kids With the Greatest Number of Candies.vcxproj", "{39921B02-E366-418B-B382-2F8B3601E653}"
EndProject
Global
	GlobalSection(SolutionConfigurationPlatforms) = preSolution
		Debug|x64 = Debug|x64
		Debug|x86 = Debug|x86
		Release|x64 = Release|x64
		Release|x86 = Release|x86
	EndGlobalSection
	GlobalSection(ProjectConfigurationPlatforms) = postSolution
		{39921B02-E366-418B-B382-2F8B3601E653}.Debug|x64.ActiveCfg = Debug|x64
		{39921B02-E366-418B-B382-2F8B3601E653}.Debug|x64.Build.0 = Debug|x64
		{39921B02-E366-418B-B382-2F8B3601E653}.Debug|x86.ActiveCfg = Debug|Win32
		{39921B02-E366-418B-B382-2F8B3601E653}.Debug|x86.Build.0 = Debug|Win32
		{39921B02-E366-418B-B382-2F8B3601E653}.Release|x64.ActiveCfg = Release|x64
		{39921B02-E366-418B-B382-2F8B3601E653}.Release|x64.Build.0 = Release|x64
		{39921B02-E366-418B-B382-2F8B3601E653}.Release|x86.ActiveCfg = Release|Win32
		{39921B02-E366-418B-B382-2F8B3601E653}.Release|x86.Build.0 = Release|Win32
	EndGlobalSection
	GlobalSection(SolutionProperties) = preSolution
		HideSolutionNode = FALSE
	EndGlobalSection
	GlobalSection(ExtensibilityGlobals) = postSolution
		SolutionGuid = {F219C3DE-C8AE-4BCC-9999-E9E066AE5846}
	EndGlobalSection
EndGlobal
